{
    "name": "mapper-backend",
    "lockfileVersion": 3,
    "requires": true,
    "packages": {
        "": {
            "name": "mapper-backend",
            "dependencies": {
                "@dimos/msgs": "npm:@jsr/dimos__msgs@0.1.4",
                "@foxglove/rosmsg": "^5.0.5",
                "@foxglove/rosmsg2-serialization": "^3.1.2",
                "@mcap/core": "^2.1.6",
                "@mcap/support": "^1.0.0",
                "lz4js": "0.2.0"
            },
            "devDependencies": {
                "@types/node": "^22.20.5"
            }
        },
        "node_modules/@dimos/msgs": {
            "name": "@jsr/dimos__msgs",
            "version": "0.1.4",
            "resolved": "https://npm.jsr.io/~/11/@jsr/dimos__msgs/0.1.4.tgz",
            "integrity": "sha512-zmerBiDFru76CIDeA1xOEVPR/W2+nNG3yh+PL1LQacWjqph6oqltU5/SCHX7qn9PGdOedW0YpTr9aSFBxoeCaQ=="
        },
        "node_modules/@foxglove/cdr": {
            "version": "3.5.1",
            "resolved": "https://registry.npmjs.org/@foxglove/cdr/-/cdr-3.5.1.tgz",
            "integrity": "sha512-Fubm04/xC1SkeNaviwUhbFk8nAiiNvIqlmP5MW7r6IVGFa35rsA0E3/Rg/pGdE77ZXf4XNwShZcQoEmje62ddQ==",
            "license": "MIT",
            "engines": {
                "node": ">= 14"
            }
        },
        "node_modules/@foxglove/crc": {
            "version": "0.0.3",
            "resolved": "https://registry.npmjs.org/@foxglove/crc/-/crc-0.0.3.tgz",
            "integrity": "sha512-DjIZsnL3CyP/yQ/vUYA9cjrD0a/8YXejI5ZmsaOiT16cLfZcTwaCxIN01/ys4jsy+dZCQ/9DnWFn7AEFbiMDaA==",
            "license": "MIT"
        },
        "node_modules/@foxglove/message-definition": {
            "version": "0.5.0",
            "resolved": "https://registry.npmjs.org/@foxglove/message-definition/-/message-definition-0.5.0.tgz",
            "integrity": "sha512-B/2GvWn4wRSsPDywcmy6uNXgAfZRhiOAnmy3qAaS6MHVqiHQqs/RoDsoW6Gw9sXSweJpeH5qAqAihvm1pR9Thg==",
            "license": "MIT"
        },
        "node_modules/@foxglove/rosmsg": {
            "version": "5.0.5",
            "resolved": "https://registry.npmjs.org/@foxglove/rosmsg/-/rosmsg-5.0.5.tgz",
            "integrity": "sha512-+qY6xW+4HdbPI3ItAlFFMjXgAiplXyRsv+kqdBk8OcWGH38BmEd7s6v/VnCkbYovAoB5rfR5giuKfmPRNzwbrA==",
            "license": "MIT",
            "dependencies": {
                "@foxglove/message-definition": "0.5.0",
                "md5-typescript": "^1.0.5"
            },
            "engines": {
                "node": ">= 14"
            }
        },
        "node_modules/@foxglove/rosmsg2-serialization": {
            "version": "3.1.2",
            "resolved": "https://registry.npmjs.org/@foxglove/rosmsg2-serialization/-/rosmsg2-serialization-3.1.2.tgz",
            "integrity": "sha512-KKtmHuuIQy6I0JLUi01LFhV7hrZb5xd+LegtuGz2+9L9pftBxtVVKhoxO6B/kQREGocIUOLP8494kxLF58LMWw==",
            "license": "MIT",
            "dependencies": {
                "@foxglove/cdr": "^3.5.1",
                "@foxglove/message-definition": "0.5.0",
                "@foxglove/rostime": "^1.1.3"
            },
            "engines": {
                "node": ">= 20"
            }
        },
        "node_modules/@foxglove/rostime": {
            "version": "1.1.3",
            "resolved": "https://registry.npmjs.org/@foxglove/rostime/-/rostime-1.1.3.tgz",
            "integrity": "sha512-Gr3Xy4sNbo2NcXg0tBHb/jVUqIcDyZ1kgHj9dB7K+Y1A7AQ0oSCmSXIuf8oqeteSIs0pl8BJOWEwAtLNC99Izg==",
            "license": "MIT",
            "engines": {
                "node": ">= 14"
            }
        },
        "node_modules/@foxglove/wasm-bz2": {
            "version": "0.3.0",
            "resolved": "https://registry.npmjs.org/@foxglove/wasm-bz2/-/wasm-bz2-0.3.0.tgz",
            "integrity": "sha512-MP18X3TbeoGT3Kfke7KrYin+5zESfcPnsdD2gaVviN1xzteoDDfVTZbVmbdfGrIV/qAAhBhBVbRcrN25rWSNOQ==",
            "license": "MIT",
            "dependencies": {
                "tslib": "^2"
            }
        },
        "node_modules/@foxglove/wasm-lz4": {
            "version": "1.0.2",
            "resolved": "https://registry.npmjs.org/@foxglove/wasm-lz4/-/wasm-lz4-1.0.2.tgz",
            "integrity": "sha512-qwGOVLITlMBwuI+Vf09xWkTtbQldaCKchGEiFNZzsY0Q6ZXnHFhFgl4UAew7Xaq0wCv5YB7hqYsHmSrFIVSjCg==",
            "license": "MIT"
        },
        "node_modules/@foxglove/wasm-zstd": {
            "version": "1.0.1",
            "resolved": "https://registry.npmjs.org/@foxglove/wasm-zstd/-/wasm-zstd-1.0.1.tgz",
            "integrity": "sha512-hqKTO45Sl+kSq9SDqM9xi5L+GncjFEZIJgYEkGTlpJXTfhy1Gf+a+3epWMcE0tLUKmzM77dtu8snape/J+7ueQ==",
            "license": "MIT"
        },
        "node_modules/@mcap/core": {
            "version": "2.3.0",
            "resolved": "https://registry.npmjs.org/@mcap/core/-/core-2.3.0.tgz",
            "integrity": "sha512-W28kxMOi3QmkhpnZv/45Hme5bTrJ2cNJ1y3Ti/BrWPdwVPa3Z0e4g87sadS2k2nm1tuTl+Ggxj38S4kfVVDJnA==",
            "license": "MIT",
            "dependencies": {
                "@foxglove/crc": "^0.0.3",
                "heap-js": "^2.7.1",
                "tslib": "^2.8.1"
            }
        },
        "node_modules/@mcap/support": {
            "version": "1.1.0",
            "resolved": "https://registry.npmjs.org/@mcap/support/-/support-1.1.0.tgz",
            "integrity": "sha512-ykO32FKP6vjYcjU/KyMTNOMC2CErsV3Wr7hKGNEcop8HWAoi6rlex0nH86QIKn54BoFAM97Rqqs/w0SOJiikKg==",
            "license": "MIT",
            "dependencies": {
                "@foxglove/wasm-bz2": "^0.3.0",
                "@foxglove/wasm-lz4": "^1.0.2",
                "@foxglove/wasm-zstd": "^1.0.1",
                "protobufjs": "^7.2.5",
                "tslib": "^2.5.0"
            }
        },
        "node_modules/@protobufjs/aspromise": {
            "version": "1.1.2",
            "resolved": "https://registry.npmjs.org/@protobufjs/aspromise/-/aspromise-1.1.2.tgz",
            "integrity": "sha512-j+gKExEuLmKwvz3OgROXtrJ2UG2x8Ch2YZUxahh+s1F2HZ+wAceUNLkvy6zKCPVRkU++ZWQrdxsUeQXmcg4uoQ==",
            "license": "BSD-3-Clause"
        },
        "node_modules/@protobufjs/base64": {
            "version": "1.1.2",
            "resolved": "https://registry.npmjs.org/@protobufjs/base64/-/base64-1.1.2.tgz",
            "integrity": "sha512-AZkcAA5vnN/v4PDqKyMR5lx7hZttPDgClv83E//FMNhR2TMcLUhfRUBHCmSl0oi9zMgDDqRUJkSxO3wm85+XLg==",
            "license": "BSD-3-Clause"
        },
        "node_modules/@protobufjs/codegen": {
            "version": "2.0.5",
            "resolved": "https://registry.npmjs.org/@protobufjs/codegen/-/codegen-2.0.5.tgz",
            "integrity": "sha512-zgXFLzW3Ap33e6d0Wlj4MGIm6Ce8O89n/apUaGNB/jx+hw+ruWEp7EwGUshdLKVRCxZW12fp9r40E1mQrf/34g==",
            "license": "BSD-3-Clause"
        },
        "node_modules/@protobufjs/eventemitter": {
            "version": "1.1.1",
            "resolved": "https://registry.npmjs.org/@protobufjs/eventemitter/-/eventemitter-1.1.1.tgz",
            "integrity": "sha512-vW1GmwMZNnL+gMRaovlh9yZX74kc+TTU3FObkkurpMaRtBfLP3ldjS9KQWlwZgraRE0+dheEEoAxdzcJQ8eXZg==",
            "license": "BSD-3-Clause"
        },
        "node_modules/@protobufjs/fetch": {
            "version": "1.1.1",
            "resolved": "https://registry.npmjs.org/@protobufjs/fetch/-/fetch-1.1.1.tgz",
            "integrity": "sha512-GpptLrs57adMSuHi3VNj0mAF8dwh36LMaYF6XyJ6JMWlVsc+t42tm1HSEDmOs3A8fC9yyeisgLhsTVQokOZ0zw==",
            "license": "BSD-3-Clause",
            "dependencies": {
                "@protobufjs/aspromise": "^1.1.1"
            }
        },
        "node_modules/@protobufjs/float": {
            "version": "1.0.2",
            "resolved": "https://registry.npmjs.org/@protobufjs/float/-/float-1.0.2.tgz",
            "integrity": "sha512-Ddb+kVXlXst9d+R9PfTIxh1EdNkgoRe5tOX6t01f1lYWOvJnSPDBlG241QLzcyPdoNTsblLUdujGSE4RzrTZGQ==",
            "license": "BSD-3-Clause"
        },
        "node_modules/@protobufjs/path": {
            "version": "1.1.2",
            "resolved": "https://registry.npmjs.org/@protobufjs/path/-/path-1.1.2.tgz",
            "integrity": "sha512-6JOcJ5Tm08dOHAbdR3GrvP+yUUfkjG5ePsHYczMFLq3ZmMkAD98cDgcT2iA1lJ9NVwFd4tH/iSSoe44YWkltEA==",
            "license": "BSD-3-Clause"
        },
        "node_modules/@protobufjs/pool": {
            "version": "1.1.0",
            "resolved": "https://registry.npmjs.org/@protobufjs/pool/-/pool-1.1.0.tgz",
            "integrity": "sha512-0kELaGSIDBKvcgS4zkjz1PeddatrjYcmMWOlAuAPwAeccUrPHdUqo/J6LiymHHEiJT5NrF1UVwxY14f+fy4WQw==",
            "license": "BSD-3-Clause"
        },
        "node_modules/@protobufjs/utf8": {
            "version": "1.1.2",
            "resolved": "https://registry.npmjs.org/@protobufjs/utf8/-/utf8-1.1.2.tgz",
            "integrity": "sha512-b1UQwcEZ4yCnMCD8DAL1VlbvBJE9/IX4FTIp7BG1xYpf29SLazLSrqUkj4w7Y5y7cCVP6E5tcqqcI0xemPkHug==",
            "license": "BSD-3-Clause"
        },
        "node_modules/@types/node": {
            "version": "22.20.5",
            "resolved": "https://registry.npmjs.org/@types/node/-/node-22.20.5.tgz",
            "integrity": "sha512-U2+DNr+wSjpsTS/wZGYHq7GcwfuSmKiKvoPvK22zwTlRhU91yOniN4qRR5KhIjvif7ysw/dz/hKmfDH0Ris4aA==",
            "license": "MIT",
            "dependencies": {
                "undici-types": "~6.21.0"
            }
        },
        "node_modules/heap-js": {
            "version": "2.7.1",
            "resolved": "https://registry.npmjs.org/heap-js/-/heap-js-2.7.1.tgz",
            "integrity": "sha512-EQfezRg0NCZGNlhlDR3Evrw1FVL2G3LhU7EgPoxufQKruNBSYA8MiRPHeWbU+36o+Fhel0wMwM+sLEiBAlNLJA==",
            "license": "BSD-3-Clause",
            "engines": {
                "node": ">=10.0.0"
            }
        },
        "node_modules/long": {
            "version": "5.3.2",
            "resolved": "https://registry.npmjs.org/long/-/long-5.3.2.tgz",
            "integrity": "sha512-mNAgZ1GmyNhD7AuqnTG3/VQ26o760+ZYBPKjPvugO8+nLbYfX6TVpJPseBvopbdY+qpZ/lKUnmEc1LeZYS3QAA==",
            "license": "Apache-2.0"
        },
        "node_modules/lz4js": {
            "version": "0.2.0",
            "resolved": "https://registry.npmjs.org/lz4js/-/lz4js-0.2.0.tgz",
            "integrity": "sha512-gY2Ia9Lm7Ep8qMiuGRhvUq0Q7qUereeldZPP1PMEJxPtEWHJLqw9pgX68oHajBH0nzJK4MaZEA/YNV3jT8u8Bg==",
            "license": "ISC"
        },
        "node_modules/md5-typescript": {
            "version": "1.0.5",
            "resolved": "https://registry.npmjs.org/md5-typescript/-/md5-typescript-1.0.5.tgz",
            "integrity": "sha512-ovAc4EtiNt2dY8JPhPr/wkC9h4U5k/nuClNVcG0Ga3V1rMlYpAY24ZaaymFXJlz+ccJ6UMPo3FSaVKe7czBsXw==",
            "license": "ISC"
        },
        "node_modules/protobufjs": {
            "version": "7.6.6",
            "resolved": "https://registry.npmjs.org/protobufjs/-/protobufjs-7.6.6.tgz",
            "integrity": "sha512-dYDWdjSl5RNb7SgPxGQcRU+GtvP7s2fpkrY0r432PcOIaZ0/rBcxEZnQN67iJhFuQiVw754JDoPruPCNdGsbjg==",
            "hasInstallScript": true,
            "license": "BSD-3-Clause",
            "dependencies": {
                "@protobufjs/aspromise": "^1.1.2",
                "@protobufjs/base64": "^1.1.2",
                "@protobufjs/codegen": "^2.0.5",
                "@protobufjs/eventemitter": "^1.1.1",
                "@protobufjs/fetch": "^1.1.1",
                "@protobufjs/float": "^1.0.2",
                "@protobufjs/path": "^1.1.2",
                "@protobufjs/pool": "^1.1.0",
                "@protobufjs/utf8": "^1.1.1",
                "@types/node": ">=13.7.0",
                "long": "^5.3.2"
            },
            "engines": {
                "node": ">=12.0.0"
            }
        },
        "node_modules/tslib": {
            "version": "2.8.1",
            "resolved": "https://registry.npmjs.org/tslib/-/tslib-2.8.1.tgz",
            "integrity": "sha512-oJFu94HQb+KVduSUQL7wnpmqnfmLsOA/nAh6b6EH0wCEoK0/mPeXU6c3wKDV83MkOuHPRHtSXKKU99IBazS/2w==",
            "license": "0BSD"
        },
        "node_modules/undici-types": {
            "version": "6.21.0",
            "resolved": "https://registry.npmjs.org/undici-types/-/undici-types-6.21.0.tgz",
            "integrity": "sha512-iwDZqg0QAGrg9Rav5H4n0M64c3mkR59cJ6wQp+7C4nI0gsmExaedaYLNO44eT4AtBBwjbTiGPMlt2Md0T9H9JQ==",
            "license": "MIT"
        }
    }
}
